
Microsoft Visual Studio Solution File, Format Version 12.00
# Visual Studio 14
VisualStudioVersion = 14.0.25420.1
MinimumVisualStudioVersion = 10.0.40219.1
Project("{FAE04EC0-301F-11D3-BF4B-00C04F79EFBC}") = "UnityReader", "UnityReader\UnityReader.csproj", "{8C214E6B-45A1-45CA-9446-CF9D1C0C3FDA}"
EndProject
Project("{FAE04EC0-301F-11D3-BF4B-00C04F79EFBC}") = "FlexParse", "FlexParse\FlexParse.csproj", "{E739BAE0-0E69-4C35-9FBA-7B1B10BCC544}"
EndProject
Project("{FAE04EC0-301F-11D3-BF4B-00C04F79EFBC}") = "UnityParse", "UnityParse\UnityParse.csproj", "{3253AAC7-567D-40EA-B9CC-A03A04C2E6DB}"
EndProject
Project("{FAE04EC0-301F-11D3-BF4B-00C04F79EFBC}") = "ClassLibrary1", "ClassLibrary1\ClassLibrary1.csproj", "{E7273466-96D0-4604-90F3-827849E642CB}"
EndProject
Global
	GlobalSection(SolutionConfigurationPlatforms) = preSolution
		Debug|Any CPU = Debug|Any CPU
		Release|Any CPU = Release|Any CPU
	EndGlobalSection
	GlobalSection(ProjectConfigurationPlatforms) = postSolution
		{8C214E6B-45A1-45CA-9446-CF9D1C0C3FDA}.Debug|Any CPU.ActiveCfg = Debug|Any CPU
		{8C214E6B-45A1-45CA-9446-CF9D1C0C3FDA}.Debug|Any CPU.Build.0 = Debug|Any CPU
		{8C214E6B-45A1-45CA-9446-CF9D1C0C3FDA}.Release|Any CPU.ActiveCfg = Release|Any CPU
		{8C214E6B-45A1-45CA-9446-CF9D1C0C3FDA}.Release|Any CPU.Build.0 = Release|Any CPU
		{E739BAE0-0E69-4C35-9FBA-7B1B10BCC544}.Debug|Any CPU.ActiveCfg = Debug|Any CPU
		{E739BAE0-0E69-4C35-9FBA-7B1B10BCC544}.Debug|Any CPU.Build.0 = Debug|Any CPU
		{E739BAE0-0E69-4C35-9FBA-7B1B10BCC544}.Release|Any CPU.ActiveCfg = Release|Any CPU
		{E739BAE0-0E69-4C35-9FBA-7B1B10BCC544}.Release|Any CPU.Build.0 = Release|Any CPU
		{3253AAC7-567D-40EA-B9CC-A03A04C2E6DB}.Debug|Any CPU.ActiveCfg = Debug|Any CPU
		{3253AAC7-567D-40EA-B9CC-A03A04C2E6DB}.Debug|Any CPU.Build.0 = Debug|Any CPU
		{3253AAC7-567D-40EA-B9CC-A03A04C2E6DB}.Release|Any CPU.ActiveCfg = Release|Any CPU
		{3253AAC7-567D-40EA-B9CC-A03A04C2E6DB}.Release|Any CPU.Build.0 = Release|Any CPU
		{E7273466-96D0-4604-90F3-827849E642CB}.Debug|Any CPU.ActiveCfg = Debug|Any CPU
		{E7273466-96D0-4604-90F3-827849E642CB}.Debug|Any CPU.Build.0 = Debug|Any CPU
		{E7273466-96D0-4604-90F3-827849E642CB}.Release|Any CPU.ActiveCfg = Release|Any CPU
		{E7273466-96D0-4604-90F3-827849E642CB}.Release|Any CPU.Build.0 = Release|Any CPU
	EndGlobalSection
	GlobalSection(SolutionProperties) = preSolution
		HideSolutionNode = FALSE
	EndGlobalSection
EndGlobal
